// !$*UTF8*$!
{
	archiveVersion = 1;
	classes = {
	};
	objectVersion = 46;
	objects = {

/* Begin PBXBuildFile section */
		CC1A72831D043E6A00DB04BC /* AppDelegate.swift in Sources */ = {isa = PBXBuildFile; fileRef = CC1A72821D043E6A00DB04BC /* AppDelegate.swift */; };
		CC1A72851D043E6A00DB04BC /* ViewController.swift in Sources */ = {isa = PBXBuildFile; fileRef = CC1A72841D043E6A00DB04BC /* ViewController.swift */; };
		CC1A72881D043E6A00DB04BC /* Main.storyboard in Resources */ = {isa = PBXBuildFile; fileRef = CC1A72861D043E6A00DB04BC /* Main.storyboard */; };
		CC1A728A1D043E6A00DB04BC /* Assets.xcassets in Resources */ = {isa = PBXBuildFile; fileRef = CC1A72891D043E6A00DB04BC /* Assets.xcassets */; };
		CC1A728D1D043E6A00DB04BC /* LaunchScreen.storyboard in Resources */ = {isa = PBXBuildFile; fileRef = CC1A728B1D043E6A00DB04BC /* LaunchScreen.storyboard */; };
		CC1A729C1D045AE100DB04BC /* GoogleService-Info.plist in Resources */ = {isa = PBXBuildFile; fileRef = CC1A729B1D045AE100DB04BC /* GoogleService-Info.plist */; };
		CC1A72A21D04651C00DB04BC /* Constants.swift in Sources */ = {isa = PBXBuildFile; fileRef = CC1A72A11D04651C00DB04BC /* Constants.swift */; };
		CC1A72A51D04695F00DB04BC /* API.swift in Sources */ = {isa = PBXBuildFile; fileRef = CC1A72A41D04695F00DB04BC /* API.swift */; };
		CC1A72A71D046A1A00DB04BC /* LoginManager.swift in Sources */ = {isa = PBXBuildFile; fileRef = CC1A72A61D046A1A00DB04BC /* LoginManager.swift */; };
		CC1A72A91D0483A600DB04BC /* LastfmUser.swift in Sources */ = {isa = PBXBuildFile; fileRef = CC1A72A81D0483A600DB04BC /* LastfmUser.swift */; };
		CC1A72B01D04DF8700DB04BC /* UIViewExtensions.swift in Sources */ = {isa = PBXBuildFile; fileRef = CC1A72AF1D04DF8700DB04BC /* UIViewExtensions.swift */; };
		CC1A72B21D04EFE200DB04BC /* MainControlButton.swift in Sources */ = {isa = PBXBuildFile; fileRef = CC1A72B11D04EFE200DB04BC /* MainControlButton.swift */; };
		CC50D16F1D09AF430081C0BC /* UserAvatarImageView.swift in Sources */ = {isa = PBXBuildFile; fileRef = CC50D16E1D09AF430081C0BC /* UserAvatarImageView.swift */; };
		CC8844071D0849C2007E9FB6 /* ArtistListVC.swift in Sources */ = {isa = PBXBuildFile; fileRef = CC8844061D0849C2007E9FB6 /* ArtistListVC.swift */; };
		CC8844091D084AA9007E9FB6 /* ArtistCell.swift in Sources */ = {isa = PBXBuildFile; fileRef = CC8844081D084AA9007E9FB6 /* ArtistCell.swift */; };
		CC88440B1D087C44007E9FB6 /* Artist.swift in Sources */ = {isa = PBXBuildFile; fileRef = CC88440A1D087C44007E9FB6 /* Artist.swift */; };
		CC88440D1D087D8B007E9FB6 /* Track.swift in Sources */ = {isa = PBXBuildFile; fileRef = CC88440C1D087D8B007E9FB6 /* Track.swift */; };
		CC88440F1D087D93007E9FB6 /* Album.swift in Sources */ = {isa = PBXBuildFile; fileRef = CC88440E1D087D93007E9FB6 /* Album.swift */; };
		CC8844111D0881FF007E9FB6 /* LastfmDataService.swift in Sources */ = {isa = PBXBuildFile; fileRef = CC8844101D0881FF007E9FB6 /* LastfmDataService.swift */; };
		E7AC1EFF62CE36C1F7D0A0EC /* Pods_lastfm_scrobrows.framework in Frameworks */ = {isa = PBXBuildFile; fileRef = 6E3F720B321E04120BDCC17E /* Pods_lastfm_scrobrows.framework */; };
/* End PBXBuildFile section */

/* Begin PBXFileReference section */
		04CBC53AC2C950E910B08A25 /* Pods-lastfm-scrobrows.release.xcconfig */ = {isa = PBXFileReference; includeInIndex = 1; lastKnownFileType = text.xcconfig; name = "Pods-lastfm-scrobrows.release.xcconfig"; path = "Pods/Target Support Files/Pods-lastfm-scrobrows/Pods-lastfm-scrobrows.release.xcconfig"; sourceTree = "<group>"; };
		1DEEFF49114902E85207202F /* Pods-lastfm-scrobrows.debug.xcconfig */ = {isa = PBXFileReference; includeInIndex = 1; lastKnownFileType = text.xcconfig; name = "Pods-lastfm-scrobrows.debug.xcconfig"; path = "Pods/Target Support Files/Pods-lastfm-scrobrows/Pods-lastfm-scrobrows.debug.xcconfig"; sourceTree = "<group>"; };
		6E3F720B321E04120BDCC17E /* Pods_lastfm_scrobrows.framework */ = {isa = PBXFileReference; explicitFileType = wrapper.framework; includeInIndex = 0; path = Pods_lastfm_scrobrows.framework; sourceTree = BUILT_PRODUCTS_DIR; };
		CC1A727F1D043E6A00DB04BC /* lastfm-scrobrows.app */ = {isa = PBXFileReference; explicitFileType = wrapper.application; includeInIndex = 0; path = "lastfm-scrobrows.app"; sourceTree = BUILT_PRODUCTS_DIR; };
		CC1A72821D043E6A00DB04BC /* AppDelegate.swift */ = {isa = PBXFileReference; lastKnownFileType = sourcecode.swift; path = AppDelegate.swift; sourceTree = "<group>"; };
		CC1A72841D043E6A00DB04BC /* ViewController.swift */ = {isa = PBXFileReference; lastKnownFileType = sourcecode.swift; path = ViewController.swift; sourceTree = "<group>"; };
		CC1A72871D043E6A00DB04BC /* Base */ = {isa = PBXFileReference; lastKnownFileType = file.storyboard; name = Base; path = Base.lproj/Main.storyboard; sourceTree = "<group>"; };
		CC1A72891D043E6A00DB04BC /* Assets.xcassets */ = {isa = PBXFileReference; lastKnownFileType = folder.assetcatalog; path = Assets.xcassets; sourceTree = "<group>"; };
		CC1A728C1D043E6A00DB04BC /* Base */ = {isa = PBXFileReference; lastKnownFileType = file.storyboard; name = Base; path = Base.lproj/LaunchScreen.storyboard; sourceTree = "<group>"; };
		CC1A728E1D043E6A00DB04BC /* Info.plist */ = {isa = PBXFileReference; lastKnownFileType = text.plist.xml; path = Info.plist; sourceTree = "<group>"; };
		CC1A729B1D045AE100DB04BC /* GoogleService-Info.plist */ = {isa = PBXFileReference; fileEncoding = 4; lastKnownFileType = text.plist.xml; path = "GoogleService-Info.plist"; sourceTree = "<group>"; };
		CC1A72A11D04651C00DB04BC /* Constants.swift */ = {isa = PBXFileReference; fileEncoding = 4; lastKnownFileType = sourcecode.swift; path = Constants.swift; sourceTree = "<group>"; };
		CC1A72A41D04695F00DB04BC /* API.swift */ = {isa = PBXFileReference; fileEncoding = 4; lastKnownFileType = sourcecode.swift; path = API.swift; sourceTree = "<group>"; };
		CC1A72A61D046A1A00DB04BC /* LoginManager.swift */ = {isa = PBXFileReference; fileEncoding = 4; lastKnownFileType = sourcecode.swift; path = LoginManager.swift; sourceTree = "<group>"; };
		CC1A72A81D0483A600DB04BC /* LastfmUser.swift */ = {isa = PBXFileReference; fileEncoding = 4; lastKnownFileType = sourcecode.swift; path = LastfmUser.swift; sourceTree = "<group>"; };
		CC1A72AF1D04DF8700DB04BC /* UIViewExtensions.swift */ = {isa = PBXFileReference; fileEncoding = 4; lastKnownFileType = sourcecode.swift; path = UIViewExtensions.swift; sourceTree = "<group>"; };
		CC1A72B11D04EFE200DB04BC /* MainControlButton.swift */ = {isa = PBXFileReference; fileEncoding = 4; lastKnownFileType = sourcecode.swift; path = MainControlButton.swift; sourceTree = "<group>"; };
		CC50D16E1D09AF430081C0BC /* UserAvatarImageView.swift */ = {isa = PBXFileReference; fileEncoding = 4; lastKnownFileType = sourcecode.swift; path = UserAvatarImageView.swift; sourceTree = "<group>"; };
		CC8844061D0849C2007E9FB6 /* ArtistListVC.swift */ = {isa = PBXFileReference; fileEncoding = 4; lastKnownFileType = sourcecode.swift; path = ArtistListVC.swift; sourceTree = "<group>"; };
		CC8844081D084AA9007E9FB6 /* ArtistCell.swift */ = {isa = PBXFileReference; fileEncoding = 4; lastKnownFileType = sourcecode.swift; path = ArtistCell.swift; sourceTree = "<group>"; };
		CC88440A1D087C44007E9FB6 /* Artist.swift */ = {isa = PBXFileReference; fileEncoding = 4; lastKnownFileType = sourcecode.swift; path = Artist.swift; sourceTree = "<group>"; };
		CC88440C1D087D8B007E9FB6 /* Track.swift */ = {isa = PBXFileReference; fileEncoding = 4; lastKnownFileType = sourcecode.swift; path = Track.swift; sourceTree = "<group>"; };
		CC88440E1D087D93007E9FB6 /* Album.swift */ = {isa = PBXFileReference; fileEncoding = 4; lastKnownFileType = sourcecode.swift; path = Album.swift; sourceTree = "<group>"; };
		CC8844101D0881FF007E9FB6 /* LastfmDataService.swift */ = {isa = PBXFileReference; fileEncoding = 4; lastKnownFileType = sourcecode.swift; path = LastfmDataService.swift; sourceTree = "<group>"; };
/* End PBXFileReference section */

/* Begin PBXFrameworksBuildPhase section */
		CC1A727C1D043E6A00DB04BC /* Frameworks */ = {
			isa = PBXFrameworksBuildPhase;
			buildActionMask = 2147483647;
			files = (
				E7AC1EFF62CE36C1F7D0A0EC /* Pods_lastfm_scrobrows.framework in Frameworks */,
			);
			runOnlyForDeploymentPostprocessing = 0;
		};
/* End PBXFrameworksBuildPhase section */

/* Begin PBXGroup section */
		16BF3BB9FBA7A7881E562273 /* Frameworks */ = {
			isa = PBXGroup;
			children = (
				6E3F720B321E04120BDCC17E /* Pods_lastfm_scrobrows.framework */,
			);
			name = Frameworks;
			sourceTree = "<group>";
		};
		9B1F9C3B0839901A0AD0E72C /* Pods */ = {
			isa = PBXGroup;
			children = (
				1DEEFF49114902E85207202F /* Pods-lastfm-scrobrows.debug.xcconfig */,
				04CBC53AC2C950E910B08A25 /* Pods-lastfm-scrobrows.release.xcconfig */,
			);
			name = Pods;
			sourceTree = "<group>";
		};
		CC1A72761D043E6A00DB04BC = {
			isa = PBXGroup;
			children = (
				CC1A72811D043E6A00DB04BC /* lastfm-scrobrows */,
				CC1A72801D043E6A00DB04BC /* Products */,
				9B1F9C3B0839901A0AD0E72C /* Pods */,
				16BF3BB9FBA7A7881E562273 /* Frameworks */,
			);
			sourceTree = "<group>";
		};
		CC1A72801D043E6A00DB04BC /* Products */ = {
			isa = PBXGroup;
			children = (
				CC1A727F1D043E6A00DB04BC /* lastfm-scrobrows.app */,
			);
			name = Products;
			sourceTree = "<group>";
		};
		CC1A72811D043E6A00DB04BC /* lastfm-scrobrows */ = {
			isa = PBXGroup;
			children = (
				CC1A72A31D0468C500DB04BC /* API */,
				CC1A72981D043F6F00DB04BC /* Utilities */,
				CC1A72971D043F5A00DB04BC /* Resources */,
				CC1A72961D043F5600DB04BC /* Model */,
				CC1A72951D043F5300DB04BC /* View */,
				CC1A72941D043F4D00DB04BC /* Controller */,
				CC1A72821D043E6A00DB04BC /* AppDelegate.swift */,
				CC1A72861D043E6A00DB04BC /* Main.storyboard */,
				CC1A728B1D043E6A00DB04BC /* LaunchScreen.storyboard */,
				CC1A728E1D043E6A00DB04BC /* Info.plist */,
				CC1A729B1D045AE100DB04BC /* GoogleService-Info.plist */,
			);
			path = "lastfm-scrobrows";
			sourceTree = "<group>";
		};
		CC1A72941D043F4D00DB04BC /* Controller */ = {
			isa = PBXGroup;
			children = (
				CC1A72841D043E6A00DB04BC /* ViewController.swift */,
				CC8844061D0849C2007E9FB6 /* ArtistListVC.swift */,
			);
			name = Controller;
			sourceTree = "<group>";
		};
		CC1A72951D043F5300DB04BC /* View */ = {
			isa = PBXGroup;
			children = (
				CC1A72AF1D04DF8700DB04BC /* UIViewExtensions.swift */,
				CC1A72B11D04EFE200DB04BC /* MainControlButton.swift */,
				CC8844081D084AA9007E9FB6 /* ArtistCell.swift */,
				CC50D16E1D09AF430081C0BC /* UserAvatarImageView.swift */,
			);
			name = View;
			sourceTree = "<group>";
		};
		CC1A72961D043F5600DB04BC /* Model */ = {
			isa = PBXGroup;
			children = (
				CC1A72A81D0483A600DB04BC /* LastfmUser.swift */,
				CC88440A1D087C44007E9FB6 /* Artist.swift */,
				CC88440C1D087D8B007E9FB6 /* Track.swift */,
				CC88440E1D087D93007E9FB6 /* Album.swift */,
			);
			name = Model;
			sourceTree = "<group>";
		};
		CC1A72971D043F5A00DB04BC /* Resources */ = {
			isa = PBXGroup;
			children = (
				CC1A72891D043E6A00DB04BC /* Assets.xcassets */,
			);
			name = Resources;
			sourceTree = "<group>";
		};
		CC1A72981D043F6F00DB04BC /* Utilities */ = {
			isa = PBXGroup;
			children = (
				CC1A72A11D04651C00DB04BC /* Constants.swift */,
			);
			name = Utilities;
			sourceTree = "<group>";
		};
		CC1A72A31D0468C500DB04BC /* API */ = {
			isa = PBXGroup;
			children = (
				CC1A72A41D04695F00DB04BC /* API.swift */,
				CC1A72A61D046A1A00DB04BC /* LoginManager.swift */,
				CC8844101D0881FF007E9FB6 /* LastfmDataService.swift */,
			);
			name = API;
			sourceTree = "<group>";
		};
/* End PBXGroup section */

/* Begin PBXNativeTarget section */
		CC1A727E1D043E6A00DB04BC /* lastfm-scrobrows */ = {
			isa = PBXNativeTarget;
			buildConfigurationList = CC1A72911D043E6A00DB04BC /* Build configuration list for PBXNativeTarget "lastfm-scrobrows" */;
			buildPhases = (
				523CEBD5BD8BF85035556825 /* 📦 Check Pods Manifest.lock */,
				CC1A727B1D043E6A00DB04BC /* Sources */,
				CC1A727C1D043E6A00DB04BC /* Frameworks */,
				CC1A727D1D043E6A00DB04BC /* Resources */,
				452FC6A3315A128B23FB5B0F /* 📦 Embed Pods Frameworks */,
				B1B72BACA5A8C3CB0F3E4DC5 /* 📦 Copy Pods Resources */,
			);
			buildRules = (
			);
			dependencies = (
			);
			name = "lastfm-scrobrows";
			productName = "lastfm-scrobrows";
			productReference = CC1A727F1D043E6A00DB04BC /* lastfm-scrobrows.app */;
			productType = "com.apple.product-type.application";
		};
/* End PBXNativeTarget section */

/* Begin PBXProject section */
		CC1A72771D043E6A00DB04BC /* Project object */ = {
			isa = PBXProject;
			attributes = {
				LastSwiftUpdateCheck = 0730;
				LastUpgradeCheck = 0730;
				ORGANIZATIONNAME = Bartosz;
				TargetAttributes = {
					CC1A727E1D043E6A00DB04BC = {
						CreatedOnToolsVersion = 7.3.1;
						DevelopmentTeam = 75QTQ5WC99;
					};
				};
			};
			buildConfigurationList = CC1A727A1D043E6A00DB04BC /* Build configuration list for PBXProject "lastfm-scrobrows" */;
			compatibilityVersion = "Xcode 3.2";
			developmentRegion = English;
			hasScannedForEncodings = 0;
			knownRegions = (
				en,
				Base,
			);
			mainGroup = CC1A72761D043E6A00DB04BC;
			productRefGroup = CC1A72801D043E6A00DB04BC /* Products */;
			projectDirPath = "";
			projectRoot = "";
			targets = (
				CC1A727E1D043E6A00DB04BC /* lastfm-scrobrows */,
			);
		};
/* End PBXProject section */

/* Begin PBXResourcesBuildPhase section */
		CC1A727D1D043E6A00DB04BC /* Resources */ = {
			isa = PBXResourcesBuildPhase;
			buildActionMask = 2147483647;
			files = (
				CC1A728D1D043E6A00DB04BC /* LaunchScreen.storyboard in Resources */,
				CC1A729C1D045AE100DB04BC /* GoogleService-Info.plist in Resources */,
				CC1A728A1D043E6A00DB04BC /* Assets.xcassets in Resources */,
				CC1A72881D043E6A00DB04BC /* Main.storyboard in Resources */,
			);
			runOnlyForDeploymentPostprocessing = 0;
		};
/* End PBXResourcesBuildPhase section */

/* Begin PBXShellScriptBuildPhase section */
		452FC6A3315A128B23FB5B0F /* 📦 Embed Pods Frameworks */ = {
			isa = PBXShellScriptBuildPhase;
			buildActionMask = 2147483647;
			files = (
			);
			inputPaths = (
			);
			name = "📦 Embed Pods Frameworks";
			outputPaths = (
			);
			runOnlyForDeploymentPostprocessing = 0;
			shellPath = /bin/sh;
			shellScript = "\"${SRCROOT}/Pods/Target Support Files/Pods-lastfm-scrobrows/Pods-lastfm-scrobrows-frameworks.sh\"\n";
			showEnvVarsInLog = 0;
		};
		523CEBD5BD8BF85035556825 /* 📦 Check Pods Manifest.lock */ = {
			isa = PBXShellScriptBuildPhase;
			buildActionMask = 2147483647;
			files = (
			);
			inputPaths = (
			);
			name = "📦 Check Pods Manifest.lock";
			outputPaths = (
			);
			runOnlyForDeploymentPostprocessing = 0;
			shellPath = /bin/sh;
			shellScript = "diff \"${PODS_ROOT}/../Podfile.lock\" \"${PODS_ROOT}/Manifest.lock\" > /dev/null\nif [[ $? != 0 ]] ; then\n    cat << EOM\nerror: The sandbox is not in sync with the Podfile.lock. Run 'pod install' or update your CocoaPods installation.\nEOM\n    exit 1\nfi\n";
			showEnvVarsInLog = 0;
		};
		B1B72BACA5A8C3CB0F3E4DC5 /* 📦 Copy Pods Resources */ = {
			isa = PBXShellScriptBuildPhase;
			buildActionMask = 2147483647;
			files = (
			);
			inputPaths = (
			);
			name = "📦 Copy Pods Resources";
			outputPaths = (
			);
			runOnlyForDeploymentPostprocessing = 0;
			shellPath = /bin/sh;
			shellScript = "\"${SRCROOT}/Pods/Target Support Files/Pods-lastfm-scrobrows/Pods-lastfm-scrobrows-resources.sh\"\n";
			showEnvVarsInLog = 0;
		};
/* End PBXShellScriptBuildPhase section */

/* Begin PBXSourcesBuildPhase section */
		CC1A727B1D043E6A00DB04BC /* Sources */ = {
			isa = PBXSourcesBuildPhase;
			buildActionMask = 2147483647;
			files = (
				CC8844111D0881FF007E9FB6 /* LastfmDataService.swift in Sources */,
				CC88440F1D087D93007E9FB6 /* Album.swift in Sources */,
				CC1A72A71D046A1A00DB04BC /* LoginManager.swift in Sources */,
				CC1A72B01D04DF8700DB04BC /* UIViewExtensions.swift in Sources */,
				CC1A72851D043E6A00DB04BC /* ViewController.swift in Sources */,
				CC8844071D0849C2007E9FB6 /* ArtistListVC.swift in Sources */,
				CC1A72A91D0483A600DB04BC /* LastfmUser.swift in Sources */,
				CC50D16F1D09AF430081C0BC /* UserAvatarImageView.swift in Sources */,
				CC1A72B21D04EFE200DB04BC /* MainControlButton.swift in Sources */,
				CC1A72831D043E6A00DB04BC /* AppDelegate.swift in Sources */,
				CC1A72A51D04695F00DB04BC /* API.swift in Sources */,
				CC8844091D084AA9007E9FB6 /* ArtistCell.swift in Sources */,
				CC1A72A21D04651C00DB04BC /* Constants.swift in Sources */,
				CC88440B1D087C44007E9FB6 /* Artist.swift in Sources */,
				CC88440D1D087D8B007E9FB6 /* Track.swift in Sources */,
			);
			runOnlyForDeploymentPostprocessing = 0;
		};
/* End PBXSourcesBuildPhase section */

/* Begin PBXVariantGroup section */
		CC1A72861D043E6A00DB04BC /* Main.storyboard */ = {
			isa = PBXVariantGroup;
			children = (
				CC1A72871D043E6A00DB04BC /* Base */,
			);
			name = Main.storyboard;
			sourceTree = "<group>";
		};
		CC1A728B1D043E6A00DB04BC /* LaunchScreen.storyboard */ = {
			isa = PBXVariantGroup;
			children = (
				CC1A728C1D043E6A00DB04BC /* Base */,
			);
			name = LaunchScreen.storyboard;
			sourceTree = "<group>";
		};
/* End PBXVariantGroup section */

/* Begin XCBuildConfiguration section */
		CC1A728F1D043E6A00DB04BC /* Debug */ = {
			isa = XCBuildConfiguration;
			buildSettings = {
				ALWAYS_SEARCH_USER_PATHS = NO;
				CLANG_ANALYZER_NONNULL = YES;
				CLANG_CXX_LANGUAGE_STANDARD = "gnu++0x";
				CLANG_CXX_LIBRARY = "libc++";
				CLANG_ENABLE_MODULES = YES;
				CLANG_ENABLE_OBJC_ARC = YES;
				CLANG_WARN_BOOL_CONVERSION = YES;
				CLANG_WARN_CONSTANT_CONVERSION = YES;
				CLANG_WARN_DIRECT_OBJC_ISA_USAGE = YES_ERROR;
				CLANG_WARN_EMPTY_BODY = YES;
				CLANG_WARN_ENUM_CONVERSION = YES;
				CLANG_WARN_INT_CONVERSION = YES;
				CLANG_WARN_OBJC_ROOT_CLASS = YES_ERROR;
				CLANG_WARN_UNREACHABLE_CODE = YES;
				CLANG_WARN__DUPLICATE_METHOD_MATCH = YES;
				"CODE_SIGN_IDENTITY[sdk=iphoneos*]" = "iPhone Developer";
				COPY_PHASE_STRIP = NO;
				DEBUG_INFORMATION_FORMAT = dwarf;
				ENABLE_STRICT_OBJC_MSGSEND = YES;
				ENABLE_TESTABILITY = YES;
				GCC_C_LANGUAGE_STANDARD = gnu99;
				GCC_DYNAMIC_NO_PIC = NO;
				GCC_NO_COMMON_BLOCKS = YES;
				GCC_OPTIMIZATION_LEVEL = 0;
				GCC_PREPROCESSOR_DEFINITIONS = (
					"DEBUG=1",
					"$(inherited)",
				);
				GCC_WARN_64_TO_32_BIT_CONVERSION = YES;
				GCC_WARN_ABOUT_RETURN_TYPE = YES_ERROR;
				GCC_WARN_UNDECLARED_SELECTOR = YES;
				GCC_WARN_UNINITIALIZED_AUTOS = YES_AGGRESSIVE;
				GCC_WARN_UNUSED_FUNCTION = YES;
				GCC_WARN_UNUSED_VARIABLE = YES;
				IPHONEOS_DEPLOYMENT_TARGET = 9.3;
				MTL_ENABLE_DEBUG_INFO = YES;
				ONLY_ACTIVE_ARCH = YES;
				SDKROOT = iphoneos;
				SWIFT_OPTIMIZATION_LEVEL = "-Onone";
				TARGETED_DEVICE_FAMILY = "1,2";
			};
			name = Debug;
		};
		CC1A72901D043E6A00DB04BC /* Release */ = {
			isa = XCBuildConfiguration;
			buildSettings = {
				ALWAYS_SEARCH_USER_PATHS = NO;
				CLANG_ANALYZER_NONNULL = YES;
				CLANG_CXX_LANGUAGE_STANDARD = "gnu++0x";
				CLANG_CXX_LIBRARY = "libc++";
				CLANG_ENABLE_MODULES = YES;
				CLANG_ENABLE_OBJC_ARC = YES;
				CLANG_WARN_BOOL_CONVERSION = YES;
				CLANG_WARN_CONSTANT_CONVERSION = YES;
				CLANG_WARN_DIRECT_OBJC_ISA_USAGE = YES_ERROR;
				CLANG_WARN_EMPTY_BODY = YES;
				CLANG_WARN_ENUM_CONVERSION = YES;
				CLANG_WARN_INT_CONVERSION = YES;
				CLANG_WARN_OBJC_ROOT_CLASS = YES_ERROR;
				CLANG_WARN_UNREACHABLE_CODE = YES;
				CLANG_WARN__DUPLICATE_METHOD_MATCH = YES;
				"CODE_SIGN_IDENTITY[sdk=iphoneos*]" = "iPhone Developer";
				COPY_PHASE_STRIP = NO;
				DEBUG_INFORMATION_FORMAT = "dwarf-with-dsym";
				ENABLE_NS_ASSERTIONS = NO;
				ENABLE_STRICT_OBJC_MSGSEND = YES;
				GCC_C_LANGUAGE_STANDARD = gnu99;
				GCC_NO_COMMON_BLOCKS = YES;
				GCC_WARN_64_TO_32_BIT_CONVERSION = YES;
				GCC_WARN_ABOUT_RETURN_TYPE = YES_ERROR;
				GCC_WARN_UNDECLARED_SELECTOR = YES;
				GCC_WARN_UNINITIALIZED_AUTOS = YES_AGGRESSIVE;
				GCC_WARN_UNUSED_FUNCTION = YES;
				GCC_WARN_UNUSED_VARIABLE = YES;
				IPHONEOS_DEPLOYMENT_TARGET = 9.3;
				MTL_ENABLE_DEBUG_INFO = NO;
				SDKROOT = iphoneos;
				TARGETED_DEVICE_FAMILY = "1,2";
				VALIDATE_PRODUCT = YES;
			};
			name = Release;
		};
		CC1A72921D043E6A00DB04BC /* Debug */ = {
			isa = XCBuildConfiguration;
			baseConfigurationReference = 1DEEFF49114902E85207202F /* Pods-lastfm-scrobrows.debug.xcconfig */;
			buildSettings = {
				ASSETCATALOG_COMPILER_APPICON_NAME = AppIcon;
				INFOPLIST_FILE = "lastfm-scrobrows/Info.plist";
				LD_RUNPATH_SEARCH_PATHS = "$(inherited) @executable_path/Frameworks";
				PRODUCT_BUNDLE_IDENTIFIER = "com.bartosz.lastfm-scrobrows";
				PRODUCT_NAME = "$(TARGET_NAME)";
			};
			name = Debug;
		};
		CC1A72931D043E6A00DB04BC /* Release */ = {
			isa = XCBuildConfiguration;
			baseConfigurationReference = 04CBC53AC2C950E910B08A25 /* Pods-lastfm-scrobrows.release.xcconfig */;
			buildSettings = {
				ASSETCATALOG_COMPILER_APPICON_NAME = AppIcon;
				INFOPLIST_FILE = "lastfm-scrobrows/Info.plist";
				LD_RUNPATH_SEARCH_PATHS = "$(inherited) @executable_path/Frameworks";
				PRODUCT_BUNDLE_IDENTIFIER = "com.bartosz.lastfm-scrobrows";
				PRODUCT_NAME = "$(TARGET_NAME)";
			};
			name = Release;
		};
/* End XCBuildConfiguration section */

/* Begin XCConfigurationList section */
		CC1A727A1D043E6A00DB04BC /* Build configuration list for PBXProject "lastfm-scrobrows" */ = {
			isa = XCConfigurationList;
			buildConfigurations = (
				CC1A728F1D043E6A00DB04BC /* Debug */,
				CC1A72901D043E6A00DB04BC /* Release */,
			);
			defaultConfigurationIsVisible = 0;
			defaultConfigurationName = Release;
		};
		CC1A72911D043E6A00DB04BC /* Build configuration list for PBXNativeTarget "lastfm-scrobrows" */ = {
			isa = XCConfigurationList;
			buildConfigurations = (
				CC1A72921D043E6A00DB04BC /* Debug */,
				CC1A72931D043E6A00DB04BC /* Release */,
			);
			defaultConfigurationIsVisible = 0;
			defaultConfigurationName = Release;
		};
/* End XCConfigurationList section */
	};
	rootObject = CC1A72771D043E6A00DB04BC /* Project object */;
}
